
Microsoft Visual Studio Solution File, Format Version 12.00
# Visual Studio Version 17
VisualStudioVersion = 17.8.34511.84
MinimumVisualStudioVersion = 10.0.40219.1
Project("{FAE04EC0-301F-11D3-BF4B-00C04F79EFBC}") = "KodlamaIOClone", "KodlamaIOClone\KodlamaIOClone.csproj", "{6AFA4215-AC05-4F55-AA6C-28AE376A78CE}"
EndProject
Global
	GlobalSection(SolutionConfigurationPlatforms) = preSolution
		Debug|Any CPU = Debug|Any CPU
		Release|Any CPU = Release|Any CPU
	EndGlobalSection
	GlobalSection(ProjectConfigurationPlatforms) = postSolution
		{6AFA4215-AC05-4F55-AA6C-28AE376A78CE}.Debug|Any CPU.ActiveCfg = Debug|Any CPU
		{6AFA4215-AC05-4F55-AA6C-28AE376A78CE}.Debug|Any CPU.Build.0 = Debug|Any CPU
		{6AFA4215-AC05-4F55-AA6C-28AE376A78CE}.Release|Any CPU.ActiveCfg = Release|Any CPU
		{6AFA4215-AC05-4F55-AA6C-28AE376A78CE}.Release|Any CPU.Build.0 = Release|Any CPU
	EndGlobalSection
	GlobalSection(SolutionProperties) = preSolution
		HideSolutionNode = FALSE
	EndGlobalSection
	GlobalSection(ExtensibilityGlobals) = postSolution
		SolutionGuid = {A6E5F9B9-4483-4EFC-9D95-CF721510F941}
	EndGlobalSection
EndGlobal
